
Microsoft Visual Studio Solution File, Format Version 10.00
# Visual Studio 2008
Project("{8BC9CEB8-8B4A-11D0-8D11-00A0C91BC942}") = "CJEngine", "CJEngine\CJEngine.vcproj", "{49BBFFCE-A4D3-48DA-9A0E-C4A1A0273AD5}"
EndProject
Global
	GlobalSection(SubversionScc) = preSolution
		Svn-Managed = True
		Manager = AnkhSVN - Subversion Support for Visual Studio
	EndGlobalSection
	GlobalSection(SolutionConfigurationPlatforms) = preSolution
		Debug|Win32 = Debug|Win32
		Release|Win32 = Release|Win32
	EndGlobalSection
	GlobalSection(ProjectConfigurationPlatforms) = postSolution
		{49BBFFCE-A4D3-48DA-9A0E-C4A1A0273AD5}.Debug|Win32.ActiveCfg = Debug|Win32
		{49BBFFCE-A4D3-48DA-9A0E-C4A1A0273AD5}.Debug|Win32.Build.0 = Debug|Win32
		{49BBFFCE-A4D3-48DA-9A0E-C4A1A0273AD5}.Release|Win32.ActiveCfg = Release|Win32
		{49BBFFCE-A4D3-48DA-9A0E-C4A1A0273AD5}.Release|Win32.Build.0 = Release|Win32
	EndGlobalSection
	GlobalSection(SolutionProperties) = preSolution
		HideSolutionNode = FALSE
	EndGlobalSection
EndGlobal
