
Microsoft Visual Studio Solution File, Format Version 10.00
# Visual Studio 2008
Project("{8BC9CEB8-8B4A-11D0-8D11-00A0C91BC942}") = "CJAudioEngine", "CJAudioEngine\CJAudioEngine.vcproj", "{97F1931A-0B04-47F5-97A1-A6F844CEAD88}"
EndProject
Global
	GlobalSection(SubversionScc) = preSolution
		Svn-Managed = True
		Manager = AnkhSVN - Subversion Support for Visual Studio
	EndGlobalSection
	GlobalSection(SolutionConfigurationPlatforms) = preSolution
		Debug|Win32 = Debug|Win32
		Release|Win32 = Release|Win32
	EndGlobalSection
	GlobalSection(ProjectConfigurationPlatforms) = postSolution
		{97F1931A-0B04-47F5-97A1-A6F844CEAD88}.Debug|Win32.ActiveCfg = Debug|Win32
		{97F1931A-0B04-47F5-97A1-A6F844CEAD88}.Debug|Win32.Build.0 = Debug|Win32
		{97F1931A-0B04-47F5-97A1-A6F844CEAD88}.Release|Win32.ActiveCfg = Release|Win32
		{97F1931A-0B04-47F5-97A1-A6F844CEAD88}.Release|Win32.Build.0 = Release|Win32
	EndGlobalSection
	GlobalSection(SolutionProperties) = preSolution
		HideSolutionNode = FALSE
	EndGlobalSection
EndGlobal
